
Microsoft Visual Studio Solution File, Format Version 12.00
# Visual Studio Version 17
VisualStudioVersion = 17.1.32228.430
MinimumVisualStudioVersion = 10.0.40219.1
Project("{FAE04EC0-301F-11D3-BF4B-00C04F79EFBC}") = "AssignmentC4", "AssignmentC4.csproj", "{859B4FB3-68BA-41F5-8434-1385A5DAA22B}"
EndProject
Global
	GlobalSection(SolutionConfigurationPlatforms) = preSolution
		Debug|Any CPU = Debug|Any CPU
		Release|Any CPU = Release|Any CPU
	EndGlobalSection
	GlobalSection(ProjectConfigurationPlatforms) = postSolution
		{859B4FB3-68BA-41F5-8434-1385A5DAA22B}.Debug|Any CPU.ActiveCfg = Debug|Any CPU
		{859B4FB3-68BA-41F5-8434-1385A5DAA22B}.Debug|Any CPU.Build.0 = Debug|Any CPU
		{859B4FB3-68BA-41F5-8434-1385A5DAA22B}.Release|Any CPU.ActiveCfg = Release|Any CPU
		{859B4FB3-68BA-41F5-8434-1385A5DAA22B}.Release|Any CPU.Build.0 = Release|Any CPU
	EndGlobalSection
	GlobalSection(SolutionProperties) = preSolution
		HideSolutionNode = FALSE
	EndGlobalSection
	GlobalSection(ExtensibilityGlobals) = postSolution
		SolutionGuid = {BB4FD44E-B77A-4B50-B7DA-EA30426BFE29}
	EndGlobalSection
EndGlobal
